
Microsoft Visual Studio Solution File, Format Version 12.00
# Visual Studio Version 17
VisualStudioVersion = 17.7.34024.191
MinimumVisualStudioVersion = 10.0.40219.1
Project("{FAE04EC0-301F-11D3-BF4B-00C04F79EFBC}") = "WindowsFormsApp5", "WindowsFormsApp5.csproj", "{0332C050-CC37-45BA-959F-A31E7EC441C5}"
EndProject
Global
	GlobalSection(SolutionConfigurationPlatforms) = preSolution
		Debug|Any CPU = Debug|Any CPU
		Release|Any CPU = Release|Any CPU
	EndGlobalSection
	GlobalSection(ProjectConfigurationPlatforms) = postSolution
		{0332C050-CC37-45BA-959F-A31E7EC441C5}.Debug|Any CPU.ActiveCfg = Debug|Any CPU
		{0332C050-CC37-45BA-959F-A31E7EC441C5}.Debug|Any CPU.Build.0 = Debug|Any CPU
		{0332C050-CC37-45BA-959F-A31E7EC441C5}.Release|Any CPU.ActiveCfg = Release|Any CPU
		{0332C050-CC37-45BA-959F-A31E7EC441C5}.Release|Any CPU.Build.0 = Release|Any CPU
	EndGlobalSection
	GlobalSection(SolutionProperties) = preSolution
		HideSolutionNode = FALSE
	EndGlobalSection
	GlobalSection(ExtensibilityGlobals) = postSolution
		SolutionGuid = {86AC8196-756A-403F-B363-1984F82DFEB4}
	EndGlobalSection
EndGlobal
