
Microsoft Visual Studio Solution File, Format Version 12.00
# Visual Studio 15
VisualStudioVersion = 15.0.26730.16
MinimumVisualStudioVersion = 10.0.40219.1
Project("{FAE04EC0-301F-11D3-BF4B-00C04F79EFBC}") = "14.Override_Overload", "14.Override_Overload\14.Override_Overload.csproj", "{27D122F0-EA9B-4367-B5B5-44C5E2E92CD4}"
EndProject
Global
	GlobalSection(SolutionConfigurationPlatforms) = preSolution
		Debug|Any CPU = Debug|Any CPU
		Release|Any CPU = Release|Any CPU
	EndGlobalSection
	GlobalSection(ProjectConfigurationPlatforms) = postSolution
		{27D122F0-EA9B-4367-B5B5-44C5E2E92CD4}.Debug|Any CPU.ActiveCfg = Debug|Any CPU
		{27D122F0-EA9B-4367-B5B5-44C5E2E92CD4}.Debug|Any CPU.Build.0 = Debug|Any CPU
		{27D122F0-EA9B-4367-B5B5-44C5E2E92CD4}.Release|Any CPU.ActiveCfg = Release|Any CPU
		{27D122F0-EA9B-4367-B5B5-44C5E2E92CD4}.Release|Any CPU.Build.0 = Release|Any CPU
	EndGlobalSection
	GlobalSection(SolutionProperties) = preSolution
		HideSolutionNode = FALSE
	EndGlobalSection
	GlobalSection(ExtensibilityGlobals) = postSolution
		SolutionGuid = {9A405E7A-5311-449A-8CB9-80EB3FFF6B44}
	EndGlobalSection
EndGlobal
