
Microsoft Visual Studio Solution File, Format Version 12.00
# Visual Studio 15
VisualStudioVersion = 15.0.26730.16
MinimumVisualStudioVersion = 10.0.40219.1
Project("{FAE04EC0-301F-11D3-BF4B-00C04F79EFBC}") = "16 StreamReader_Write", "16 StreamReader_Write\16 StreamReader_Write.csproj", "{FECB6826-E9D9-49B4-94F1-F2A3A5E06903}"
EndProject
Global
	GlobalSection(SolutionConfigurationPlatforms) = preSolution
		Debug|Any CPU = Debug|Any CPU
		Release|Any CPU = Release|Any CPU
	EndGlobalSection
	GlobalSection(ProjectConfigurationPlatforms) = postSolution
		{FECB6826-E9D9-49B4-94F1-F2A3A5E06903}.Debug|Any CPU.ActiveCfg = Debug|Any CPU
		{FECB6826-E9D9-49B4-94F1-F2A3A5E06903}.Debug|Any CPU.Build.0 = Debug|Any CPU
		{FECB6826-E9D9-49B4-94F1-F2A3A5E06903}.Release|Any CPU.ActiveCfg = Release|Any CPU
		{FECB6826-E9D9-49B4-94F1-F2A3A5E06903}.Release|Any CPU.Build.0 = Release|Any CPU
	EndGlobalSection
	GlobalSection(SolutionProperties) = preSolution
		HideSolutionNode = FALSE
	EndGlobalSection
	GlobalSection(ExtensibilityGlobals) = postSolution
		SolutionGuid = {FBFCEA23-EEC9-49C9-9286-C7D3D52D4E7E}
	EndGlobalSection
EndGlobal
