
Microsoft Visual Studio Solution File, Format Version 12.00
# Visual Studio 15
VisualStudioVersion = 15.0.26730.16
MinimumVisualStudioVersion = 10.0.40219.1
Project("{FAE04EC0-301F-11D3-BF4B-00C04F79EFBC}") = "21_List", "21_List\21_List.csproj", "{D55690F6-1292-4816-8E6B-3993E3A89E78}"
EndProject
Global
	GlobalSection(SolutionConfigurationPlatforms) = preSolution
		Debug|Any CPU = Debug|Any CPU
		Release|Any CPU = Release|Any CPU
	EndGlobalSection
	GlobalSection(ProjectConfigurationPlatforms) = postSolution
		{D55690F6-1292-4816-8E6B-3993E3A89E78}.Debug|Any CPU.ActiveCfg = Debug|Any CPU
		{D55690F6-1292-4816-8E6B-3993E3A89E78}.Debug|Any CPU.Build.0 = Debug|Any CPU
		{D55690F6-1292-4816-8E6B-3993E3A89E78}.Release|Any CPU.ActiveCfg = Release|Any CPU
		{D55690F6-1292-4816-8E6B-3993E3A89E78}.Release|Any CPU.Build.0 = Release|Any CPU
	EndGlobalSection
	GlobalSection(SolutionProperties) = preSolution
		HideSolutionNode = FALSE
	EndGlobalSection
	GlobalSection(ExtensibilityGlobals) = postSolution
		SolutionGuid = {B8647E85-0B8A-459D-A662-A3BD64CC21FC}
	EndGlobalSection
EndGlobal
