
Microsoft Visual Studio Solution File, Format Version 12.00
# Visual Studio 15
VisualStudioVersion = 15.0.26730.16
MinimumVisualStudioVersion = 10.0.40219.1
Project("{FAE04EC0-301F-11D3-BF4B-00C04F79EFBC}") = "24_DelegatePizzaOrder", "24_DelegatePizzaOrder\24_DelegatePizzaOrder.csproj", "{57D83B5C-B22D-4A80-8BF2-43B0812C62E5}"
EndProject
Global
	GlobalSection(SolutionConfigurationPlatforms) = preSolution
		Debug|Any CPU = Debug|Any CPU
		Release|Any CPU = Release|Any CPU
	EndGlobalSection
	GlobalSection(ProjectConfigurationPlatforms) = postSolution
		{57D83B5C-B22D-4A80-8BF2-43B0812C62E5}.Debug|Any CPU.ActiveCfg = Debug|Any CPU
		{57D83B5C-B22D-4A80-8BF2-43B0812C62E5}.Debug|Any CPU.Build.0 = Debug|Any CPU
		{57D83B5C-B22D-4A80-8BF2-43B0812C62E5}.Release|Any CPU.ActiveCfg = Release|Any CPU
		{57D83B5C-B22D-4A80-8BF2-43B0812C62E5}.Release|Any CPU.Build.0 = Release|Any CPU
	EndGlobalSection
	GlobalSection(SolutionProperties) = preSolution
		HideSolutionNode = FALSE
	EndGlobalSection
	GlobalSection(ExtensibilityGlobals) = postSolution
		SolutionGuid = {8ED9B6D6-CEF3-4FDC-8B24-11840DED000E}
	EndGlobalSection
EndGlobal
